// !$*UTF8*$!
{
	archiveVersion = 1;
	classes = {
	};
	objectVersion = 48;
	objects = {

/* Begin PBXBuildFile section */
		602704B31FADAE6B00512B3B /* AppDelegate.swift in Sources */ = {isa = PBXBuildFile; fileRef = 602704B21FADAE6B00512B3B /* AppDelegate.swift */; };
		602704B51FADAE6B00512B3B /* ViewController.swift in Sources */ = {isa = PBXBuildFile; fileRef = 602704B41FADAE6B00512B3B /* ViewController.swift */; };
		602704B81FADAE6B00512B3B /* Main.storyboard in Resources */ = {isa = PBXBuildFile; fileRef = 602704B61FADAE6B00512B3B /* Main.storyboard */; };
		602704BA1FADAE6B00512B3B /* Assets.xcassets in Resources */ = {isa = PBXBuildFile; fileRef = 602704B91FADAE6B00512B3B /* Assets.xcassets */; };
		602704BD1FADAE6B00512B3B /* LaunchScreen.storyboard in Resources */ = {isa = PBXBuildFile; fileRef = 602704BB1FADAE6B00512B3B /* LaunchScreen.storyboard */; };
		602705661FADB3ED00512B3B /* Blogs in Resources */ = {isa = PBXBuildFile; fileRef = 602705651FADB3ED00512B3B /* Blogs */; };
/* End PBXBuildFile section */

/* Begin PBXFileReference section */
		602704AF1FADAE6B00512B3B /* cnblogs.app */ = {isa = PBXFileReference; explicitFileType = wrapper.application; includeInIndex = 0; path = cnblogs.app; sourceTree = BUILT_PRODUCTS_DIR; };
		602704B21FADAE6B00512B3B /* AppDelegate.swift */ = {isa = PBXFileReference; lastKnownFileType = sourcecode.swift; path = AppDelegate.swift; sourceTree = "<group>"; };
		602704B41FADAE6B00512B3B /* ViewController.swift */ = {isa = PBXFileReference; lastKnownFileType = sourcecode.swift; path = ViewController.swift; sourceTree = "<group>"; };
		602704B71FADAE6B00512B3B /* Base */ = {isa = PBXFileReference; lastKnownFileType = file.storyboard; name = Base; path = Base.lproj/Main.storyboard; sourceTree = "<group>"; };
		602704B91FADAE6B00512B3B /* Assets.xcassets */ = {isa = PBXFileReference; lastKnownFileType = folder.assetcatalog; path = Assets.xcassets; sourceTree = "<group>"; };
		602704BC1FADAE6B00512B3B /* Base */ = {isa = PBXFileReference; lastKnownFileType = file.storyboard; name = Base; path = Base.lproj/LaunchScreen.storyboard; sourceTree = "<group>"; };
		602704BE1FADAE6B00512B3B /* Info.plist */ = {isa = PBXFileReference; lastKnownFileType = text.plist.xml; path = Info.plist; sourceTree = "<group>"; };
		602705651FADB3ED00512B3B /* Blogs */ = {isa = PBXFileReference; lastKnownFileType = folder; path = Blogs; sourceTree = "<group>"; };
/* End PBXFileReference section */

/* Begin PBXFrameworksBuildPhase section */
		602704AC1FADAE6B00512B3B /* Frameworks */ = {
			isa = PBXFrameworksBuildPhase;
			buildActionMask = 2147483647;
			files = (
			);
			runOnlyForDeploymentPostprocessing = 0;
		};
/* End PBXFrameworksBuildPhase section */

/* Begin PBXGroup section */
		602704A61FADAE6B00512B3B = {
			isa = PBXGroup;
			children = (
				602704B11FADAE6B00512B3B /* cnblogs */,
				602704B01FADAE6B00512B3B /* Products */,
			);
			sourceTree = "<group>";
		};
		602704B01FADAE6B00512B3B /* Products */ = {
			isa = PBXGroup;
			children = (
				602704AF1FADAE6B00512B3B /* cnblogs.app */,
			);
			name = Products;
			sourceTree = "<group>";
		};
		602704B11FADAE6B00512B3B /* cnblogs */ = {
			isa = PBXGroup;
			children = (
				602705651FADB3ED00512B3B /* Blogs */,
				602704B21FADAE6B00512B3B /* AppDelegate.swift */,
				602704B41FADAE6B00512B3B /* ViewController.swift */,
				602704B61FADAE6B00512B3B /* Main.storyboard */,
				602704B91FADAE6B00512B3B /* Assets.xcassets */,
				602704BB1FADAE6B00512B3B /* LaunchScreen.storyboard */,
				602704BE1FADAE6B00512B3B /* Info.plist */,
			);
			path = cnblogs;
			sourceTree = "<group>";
		};
/* End PBXGroup section */

/* Begin PBXNativeTarget section */
		602704AE1FADAE6B00512B3B /* cnblogs */ = {
			isa = PBXNativeTarget;
			buildConfigurationList = 602704C11FADAE6B00512B3B /* Build configuration list for PBXNativeTarget "cnblogs" */;
			buildPhases = (
				602704AB1FADAE6B00512B3B /* Sources */,
				602704AC1FADAE6B00512B3B /* Frameworks */,
				602704AD1FADAE6B00512B3B /* Resources */,
			);
			buildRules = (
			);
			dependencies = (
			);
			name = cnblogs;
			productName = cnblogs;
			productReference = 602704AF1FADAE6B00512B3B /* cnblogs.app */;
			productType = "com.apple.product-type.application";
		};
/* End PBXNativeTarget section */

/* Begin PBXProject section */
		602704A71FADAE6B00512B3B /* Project object */ = {
			isa = PBXProject;
			attributes = {
				LastSwiftUpdateCheck = 0910;
				LastUpgradeCheck = 0910;
				ORGANIZATIONNAME = None;
				TargetAttributes = {
					602704AE1FADAE6B00512B3B = {
						CreatedOnToolsVersion = 9.1;
						ProvisioningStyle = Automatic;
					};
				};
			};
			buildConfigurationList = 602704AA1FADAE6B00512B3B /* Build configuration list for PBXProject "cnblogs" */;
			compatibilityVersion = "Xcode 8.0";
			developmentRegion = en;
			hasScannedForEncodings = 0;
			knownRegions = (
				en,
				Base,
			);
			mainGroup = 602704A61FADAE6B00512B3B;
			productRefGroup = 602704B01FADAE6B00512B3B /* Products */;
			projectDirPath = "";
			projectRoot = "";
			targets = (
				602704AE1FADAE6B00512B3B /* cnblogs */,
			);
		};
/* End PBXProject section */

/* Begin PBXResourcesBuildPhase section */
		602704AD1FADAE6B00512B3B /* Resources */ = {
			isa = PBXResourcesBuildPhase;
			buildActionMask = 2147483647;
			files = (
				602705661FADB3ED00512B3B /* Blogs in Resources */,
				602704BD1FADAE6B00512B3B /* LaunchScreen.storyboard in Resources */,
				602704BA1FADAE6B00512B3B /* Assets.xcassets in Resources */,
				602704B81FADAE6B00512B3B /* Main.storyboard in Resources */,
			);
			runOnlyForDeploymentPostprocessing = 0;
		};
/* End PBXResourcesBuildPhase section */

/* Begin PBXSourcesBuildPhase section */
		602704AB1FADAE6B00512B3B /* Sources */ = {
			isa = PBXSourcesBuildPhase;
			buildActionMask = 2147483647;
			files = (
				602704B51FADAE6B00512B3B /* ViewController.swift in Sources */,
				602704B31FADAE6B00512B3B /* AppDelegate.swift in Sources */,
			);
			runOnlyForDeploymentPostprocessing = 0;
		};
/* End PBXSourcesBuildPhase section */

/* Begin PBXVariantGroup section */
		602704B61FADAE6B00512B3B /* Main.storyboard */ = {
			isa = PBXVariantGroup;
			children = (
				602704B71FADAE6B00512B3B /* Base */,
			);
			name = Main.storyboard;
			sourceTree = "<group>";
		};
		602704BB1FADAE6B00512B3B /* LaunchScreen.storyboard */ = {
			isa = PBXVariantGroup;
			children = (
				602704BC1FADAE6B00512B3B /* Base */,
			);
			name = LaunchScreen.storyboard;
			sourceTree = "<group>";
		};
/* End PBXVariantGroup section */

/* Begin XCBuildConfiguration section */
		602704BF1FADAE6B00512B3B /* Debug */ = {
			isa = XCBuildConfiguration;
			buildSettings = {
				ALWAYS_SEARCH_USER_PATHS = NO;
				CLANG_ANALYZER_NONNULL = YES;
				CLANG_ANALYZER_NUMBER_OBJECT_CONVERSION = YES_AGGRESSIVE;
				CLANG_CXX_LANGUAGE_STANDARD = "gnu++14";
				CLANG_CXX_LIBRARY = "libc++";
				CLANG_ENABLE_MODULES = YES;
				CLANG_ENABLE_OBJC_ARC = YES;
				CLANG_WARN_BLOCK_CAPTURE_AUTORELEASING = YES;
				CLANG_WARN_BOOL_CONVERSION = YES;
				CLANG_WARN_COMMA = YES;
				CLANG_WARN_CONSTANT_CONVERSION = YES;
				CLANG_WARN_DIRECT_OBJC_ISA_USAGE = YES_ERROR;
				CLANG_WARN_DOCUMENTATION_COMMENTS = YES;
				CLANG_WARN_EMPTY_BODY = YES;
				CLANG_WARN_ENUM_CONVERSION = YES;
				CLANG_WARN_INFINITE_RECURSION = YES;
				CLANG_WARN_INT_CONVERSION = YES;
				CLANG_WARN_NON_LITERAL_NULL_CONVERSION = YES;
				CLANG_WARN_OBJC_LITERAL_CONVERSION = YES;
				CLANG_WARN_OBJC_ROOT_CLASS = YES_ERROR;
				CLANG_WARN_RANGE_LOOP_ANALYSIS = YES;
				CLANG_WARN_STRICT_PROTOTYPES = YES;
				CLANG_WARN_SUSPICIOUS_MOVE = YES;
				CLANG_WARN_UNGUARDED_AVAILABILITY = YES_AGGRESSIVE;
				CLANG_WARN_UNREACHABLE_CODE = YES;
				CLANG_WARN__DUPLICATE_METHOD_MATCH = YES;
				CODE_SIGN_IDENTITY = "iPhone Developer";
				COPY_PHASE_STRIP = NO;
				DEBUG_INFORMATION_FORMAT = dwarf;
				ENABLE_STRICT_OBJC_MSGSEND = YES;
				ENABLE_TESTABILITY = YES;
				GCC_C_LANGUAGE_STANDARD = gnu11;
				GCC_DYNAMIC_NO_PIC = NO;
				GCC_NO_COMMON_BLOCKS = YES;
				GCC_OPTIMIZATION_LEVEL = 0;
				GCC_PREPROCESSOR_DEFINITIONS = (
					"DEBUG=1",
					"$(inherited)",
				);
				GCC_WARN_64_TO_32_BIT_CONVERSION = YES;
				GCC_WARN_ABOUT_RETURN_TYPE = YES_ERROR;
				GCC_WARN_UNDECLARED_SELECTOR = YES;
				GCC_WARN_UNINITIALIZED_AUTOS = YES_AGGRESSIVE;
				GCC_WARN_UNUSED_FUNCTION = YES;
				GCC_WARN_UNUSED_VARIABLE = YES;
				IPHONEOS_DEPLOYMENT_TARGET = 11.1;
				MTL_ENABLE_DEBUG_INFO = YES;
				ONLY_ACTIVE_ARCH = YES;
				SDKROOT = iphoneos;
				SWIFT_ACTIVE_COMPILATION_CONDITIONS = DEBUG;
				SWIFT_OPTIMIZATION_LEVEL = "-Onone";
			};
			name = Debug;
		};
		602704C01FADAE6B00512B3B /* Release */ = {
			isa = XCBuildConfiguration;
			buildSettings = {
				ALWAYS_SEARCH_USER_PATHS = NO;
				CLANG_ANALYZER_NONNULL = YES;
				CLANG_ANALYZER_NUMBER_OBJECT_CONVERSION = YES_AGGRESSIVE;
				CLANG_CXX_LANGUAGE_STANDARD = "gnu++14";
				CLANG_CXX_LIBRARY = "libc++";
				CLANG_ENABLE_MODULES = YES;
				CLANG_ENABLE_OBJC_ARC = YES;
				CLANG_WARN_BLOCK_CAPTURE_AUTORELEASING = YES;
				CLANG_WARN_BOOL_CONVERSION = YES;
				CLANG_WARN_COMMA = YES;
				CLANG_WARN_CONSTANT_CONVERSION = YES;
				CLANG_WARN_DIRECT_OBJC_ISA_USAGE = YES_ERROR;
				CLANG_WARN_DOCUMENTATION_COMMENTS = YES;
				CLANG_WARN_EMPTY_BODY = YES;
				CLANG_WARN_ENUM_CONVERSION = YES;
				CLANG_WARN_INFINITE_RECURSION = YES;
				CLANG_WARN_INT_CONVERSION = YES;
				CLANG_WARN_NON_LITERAL_NULL_CONVERSION = YES;
				CLANG_WARN_OBJC_LITERAL_CONVERSION = YES;
				CLANG_WARN_OBJC_ROOT_CLASS = YES_ERROR;
				CLANG_WARN_RANGE_LOOP_ANALYSIS = YES;
				CLANG_WARN_STRICT_PROTOTYPES = YES;
				CLANG_WARN_SUSPICIOUS_MOVE = YES;
				CLANG_WARN_UNGUARDED_AVAILABILITY = YES_AGGRESSIVE;
				CLANG_WARN_UNREACHABLE_CODE = YES;
				CLANG_WARN__DUPLICATE_METHOD_MATCH = YES;
				CODE_SIGN_IDENTITY = "iPhone Developer";
				COPY_PHASE_STRIP = NO;
				DEBUG_INFORMATION_FORMAT = "dwarf-with-dsym";
				ENABLE_NS_ASSERTIONS = NO;
				ENABLE_STRICT_OBJC_MSGSEND = YES;
				GCC_C_LANGUAGE_STANDARD = gnu11;
				GCC_NO_COMMON_BLOCKS = YES;
				GCC_WARN_64_TO_32_BIT_CONVERSION = YES;
				GCC_WARN_ABOUT_RETURN_TYPE = YES_ERROR;
				GCC_WARN_UNDECLARED_SELECTOR = YES;
				GCC_WARN_UNINITIALIZED_AUTOS = YES_AGGRESSIVE;
				GCC_WARN_UNUSED_FUNCTION = YES;
				GCC_WARN_UNUSED_VARIABLE = YES;
				IPHONEOS_DEPLOYMENT_TARGET = 11.1;
				MTL_ENABLE_DEBUG_INFO = NO;
				SDKROOT = iphoneos;
				SWIFT_OPTIMIZATION_LEVEL = "-Owholemodule";
				VALIDATE_PRODUCT = YES;
			};
			name = Release;
		};
		602704C21FADAE6B00512B3B /* Debug */ = {
			isa = XCBuildConfiguration;
			buildSettings = {
				ASSETCATALOG_COMPILER_APPICON_NAME = AppIcon;
				CODE_SIGN_STYLE = Automatic;
				INFOPLIST_FILE = cnblogs/Info.plist;
				LD_RUNPATH_SEARCH_PATHS = "$(inherited) @executable_path/Frameworks";
				PRODUCT_BUNDLE_IDENTIFIER = com.zhang.cnblogs;
				PRODUCT_NAME = "$(TARGET_NAME)";
				SWIFT_VERSION = 4.0;
				TARGETED_DEVICE_FAMILY = "1,2";
			};
			name = Debug;
		};
		602704C31FADAE6B00512B3B /* Release */ = {
			isa = XCBuildConfiguration;
			buildSettings = {
				ASSETCATALOG_COMPILER_APPICON_NAME = AppIcon;
				CODE_SIGN_STYLE = Automatic;
				INFOPLIST_FILE = cnblogs/Info.plist;
				LD_RUNPATH_SEARCH_PATHS = "$(inherited) @executable_path/Frameworks";
				PRODUCT_BUNDLE_IDENTIFIER = com.zhang.cnblogs;
				PRODUCT_NAME = "$(TARGET_NAME)";
				SWIFT_VERSION = 4.0;
				TARGETED_DEVICE_FAMILY = "1,2";
			};
			name = Release;
		};
/* End XCBuildConfiguration section */

/* Begin XCConfigurationList section */
		602704AA1FADAE6B00512B3B /* Build configuration list for PBXProject "cnblogs" */ = {
			isa = XCConfigurationList;
			buildConfigurations = (
				602704BF1FADAE6B00512B3B /* Debug */,
				602704C01FADAE6B00512B3B /* Release */,
			);
			defaultConfigurationIsVisible = 0;
			defaultConfigurationName = Release;
		};
		602704C11FADAE6B00512B3B /* Build configuration list for PBXNativeTarget "cnblogs" */ = {
			isa = XCConfigurationList;
			buildConfigurations = (
				602704C21FADAE6B00512B3B /* Debug */,
				602704C31FADAE6B00512B3B /* Release */,
			);
			defaultConfigurationIsVisible = 0;
			defaultConfigurationName = Release;
		};
/* End XCConfigurationList section */
	};
	rootObject = 602704A71FADAE6B00512B3B /* Project object */;
}
